
Microsoft Visual Studio Solution File, Format Version 12.00
# Visual Studio Version 16
VisualStudioVersion = 16.0.29920.165
MinimumVisualStudioVersion = 10.0.40219.1
Project("{FAE04EC0-301F-11D3-BF4B-00C04F79EFBC}") = "RockPaperScissor", "RockPaperScissor\RockPaperScissor.csproj", "{2AD34669-293D-4903-B34C-AED5A0CCC53E}"
EndProject
Global
	GlobalSection(SolutionConfigurationPlatforms) = preSolution
		Debug|Any CPU = Debug|Any CPU
		Release|Any CPU = Release|Any CPU
	EndGlobalSection
	GlobalSection(ProjectConfigurationPlatforms) = postSolution
		{2AD34669-293D-4903-B34C-AED5A0CCC53E}.Debug|Any CPU.ActiveCfg = Debug|Any CPU
		{2AD34669-293D-4903-B34C-AED5A0CCC53E}.Debug|Any CPU.Build.0 = Debug|Any CPU
		{2AD34669-293D-4903-B34C-AED5A0CCC53E}.Release|Any CPU.ActiveCfg = Release|Any CPU
		{2AD34669-293D-4903-B34C-AED5A0CCC53E}.Release|Any CPU.Build.0 = Release|Any CPU
	EndGlobalSection
	GlobalSection(SolutionProperties) = preSolution
		HideSolutionNode = FALSE
	EndGlobalSection
	GlobalSection(ExtensibilityGlobals) = postSolution
		SolutionGuid = {A8066B52-F055-46AC-B188-399AF717EBDF}
	EndGlobalSection
EndGlobal
